
Microsoft Visual Studio Solution File, Format Version 12.00
# Visual Studio Version 17
VisualStudioVersion = 17.7.34024.191
MinimumVisualStudioVersion = 10.0.40219.1
Project("{FAE04EC0-301F-11D3-BF4B-00C04F79EFBC}") = "HawksMusic.API", "HawksMusic.API\HawksMusic.API.csproj", "{3F04B5A6-CF33-48FD-AE8B-DA83BF766078}"
EndProject
Global
	GlobalSection(SolutionConfigurationPlatforms) = preSolution
		Debug|Any CPU = Debug|Any CPU
		Release|Any CPU = Release|Any CPU
	EndGlobalSection
	GlobalSection(ProjectConfigurationPlatforms) = postSolution
		{3F04B5A6-CF33-48FD-AE8B-DA83BF766078}.Debug|Any CPU.ActiveCfg = Debug|Any CPU
		{3F04B5A6-CF33-48FD-AE8B-DA83BF766078}.Debug|Any CPU.Build.0 = Debug|Any CPU
		{3F04B5A6-CF33-48FD-AE8B-DA83BF766078}.Release|Any CPU.ActiveCfg = Release|Any CPU
		{3F04B5A6-CF33-48FD-AE8B-DA83BF766078}.Release|Any CPU.Build.0 = Release|Any CPU
	EndGlobalSection
	GlobalSection(SolutionProperties) = preSolution
		HideSolutionNode = FALSE
	EndGlobalSection
	GlobalSection(ExtensibilityGlobals) = postSolution
		SolutionGuid = {277D39A4-6C8D-4DBD-BDF7-366C51987376}
	EndGlobalSection
EndGlobal
